PODS:
  - ActiveLabel (1.1.0)
  - Alamofire (5.6.4)
  - AlamofireImage (4.2.0):
    - Alamofire (~> 5.4)
  - AppAuth (1.6.1):
    - AppAuth/Core (= 1.6.1)
    - AppAuth/ExternalUserAgent (= 1.6.1)
  - AppAuth/Core (1.6.1)
  - AppAuth/ExternalUserAgent (1.6.1):
    - AppAuth/Core
  - Cache (5.3.0)
  - EzPopup (1.2)
  - FBAEMKit (14.1.0):
    - FBSDKCoreKit_Basics (= 14.1.0)
  - FBSDKCoreKit (14.1.0):
    - FBAEMKit (= 14.1.0)
    - FBSDKCoreKit_Basics (= 14.1.0)
  - FBSDKCoreKit_Basics (14.1.0)
  - FBSDKLoginKit (14.1.0):
    - FBSDKCoreKit (= 14.1.0)
  - FirebaseAnalytics (10.3.0):
    - FirebaseAnalytics/AdIdSupport (= 10.3.0)
    - FirebaseCore (~> 10.0)
    - FirebaseInstallations (~> 10.0)
    - GoogleUtilities/AppDelegateSwizzler (~> 7.8)
    - GoogleUtilities/MethodSwizzler (~> 7.8)
    - GoogleUtilities/Network (~> 7.8)
    - "GoogleUtilities/NSData+zlib (~> 7.8)"
    - nanopb (< 2.30910.0, >= 2.30908.0)
  - FirebaseAnalytics/AdIdSupport (10.3.0):
    - FirebaseCore (~> 10.0)
    - FirebaseInstallations (~> 10.0)
    - GoogleAppMeasurement (= 10.3.0)
    - GoogleUtilities/AppDelegateSwizzler (~> 7.8)
    - GoogleUtilities/MethodSwizzler (~> 7.8)
    - GoogleUtilities/Network (~> 7.8)
    - "GoogleUtilities/NSData+zlib (~> 7.8)"
    - nanopb (< 2.30910.0, >= 2.30908.0)
  - FirebaseAuth (10.3.0):
    - FirebaseCore (~> 10.0)
    - GoogleUtilities/AppDelegateSwizzler (~> 7.8)
    - GoogleUtilities/Environment (~> 7.8)
    - GTMSessionFetcher/Core (< 4.0, >= 2.1)
  - FirebaseCore (10.8.0):
    - FirebaseCoreInternal (~> 10.0)
    - GoogleUtilities/Environment (~> 7.8)
    - GoogleUtilities/Logger (~> 7.8)
  - FirebaseCoreInternal (10.8.0):
    - "GoogleUtilities/NSData+zlib (~> 7.8)"
  - FirebaseInstallations (10.8.0):
    - FirebaseCore (~> 10.0)
    - GoogleUtilities/Environment (~> 7.8)
    - GoogleUtilities/UserDefaults (~> 7.8)
    - PromisesObjC (~> 2.1)
  - FLAnimatedImage (1.0.17)
  - GoogleAppMeasurement (10.3.0):
    - GoogleAppMeasurement/AdIdSupport (= 10.3.0)
    - GoogleUtilities/AppDelegateSwizzler (~> 7.8)
    - GoogleUtilities/MethodSwizzler (~> 7.8)
    - GoogleUtilities/Network (~> 7.8)
    - "GoogleUtilities/NSData+zlib (~> 7.8)"
    - nanopb (< 2.30910.0, >= 2.30908.0)
  - GoogleAppMeasurement/AdIdSupport (10.3.0):
    - GoogleAppMeasurement/WithoutAdIdSupport (= 10.3.0)
    - GoogleUtilities/AppDelegateSwizzler (~> 7.8)
    - GoogleUtilities/MethodSwizzler (~> 7.8)
    - GoogleUtilities/Network (~> 7.8)
    - "GoogleUtilities/NSData+zlib (~> 7.8)"
    - nanopb (< 2.30910.0, >= 2.30908.0)
  - GoogleAppMeasurement/WithoutAdIdSupport (10.3.0):
    - GoogleUtilities/AppDelegateSwizzler (~> 7.8)
    - GoogleUtilities/MethodSwizzler (~> 7.8)
    - GoogleUtilities/Network (~> 7.8)
    - "GoogleUtilities/NSData+zlib (~> 7.8)"
    - nanopb (< 2.30910.0, >= 2.30908.0)
  - GoogleMaps (5.2.0):
    - GoogleMaps/Maps (= 5.2.0)
  - GoogleMaps/Base (5.2.0)
  - GoogleMaps/Maps (5.2.0):
    - GoogleMaps/Base
  - GooglePlaces (5.1.0)
  - GoogleSignIn (7.0.0):
    - AppAuth (~> 1.5)
    - GTMAppAuth (< 3.0, >= 1.3)
    - GTMSessionFetcher/Core (< 4.0, >= 1.1)
  - GoogleUtilities/AppDelegateSwizzler (7.11.1):
    - GoogleUtilities/Environment
    - GoogleUtilities/Logger
    - GoogleUtilities/Network
  - GoogleUtilities/Environment (7.11.1):
    - PromisesObjC (< 3.0, >= 1.2)
  - GoogleUtilities/Logger (7.11.1):
    - GoogleUtilities/Environment
  - GoogleUtilities/MethodSwizzler (7.11.1):
    - GoogleUtilities/Logger
  - GoogleUtilities/Network (7.11.1):
    - GoogleUtilities/Logger
    - "GoogleUtilities/NSData+zlib"
    - GoogleUtilities/Reachability
  - "GoogleUtilities/NSData+zlib (7.11.1)"
  - GoogleUtilities/Reachability (7.11.1):
    - GoogleUtilities/Logger
  - GoogleUtilities/UserDefaults (7.11.1):
    - GoogleUtilities/Logger
  - GTMAppAuth (2.0.0):
    - AppAuth/Core (~> 1.6)
    - GTMSessionFetcher/Core (< 4.0, >= 1.5)
  - GTMSessionFetcher/Core (3.1.0)
  - lottie-ios (4.0.1)
  - nanopb (2.30909.0):
    - nanopb/decode (= 2.30909.0)
    - nanopb/encode (= 2.30909.0)
  - nanopb/decode (2.30909.0)
  - nanopb/encode (2.30909.0)
  - NYTPhotoViewer (1.1.0):
    - NYTPhotoViewer/AnimatedGifSupport (= 1.1.0)
    - NYTPhotoViewer/Core (= 1.1.0)
  - NYTPhotoViewer/AnimatedGifSupport (1.1.0):
    - FLAnimatedImage (~> 1.0.8)
    - NYTPhotoViewer/Core
  - NYTPhotoViewer/Core (1.1.0)
  - ObjectMapper (3.5.3)
  - OneSignalXCFramework (3.12.5):
    - OneSignalXCFramework/OneSignalCore (= 3.12.5)
    - OneSignalXCFramework/OneSignalExtension (= 3.12.5)
    - OneSignalXCFramework/OneSignalOutcomes (= 3.12.5)
  - OneSignalXCFramework/OneSignalCore (3.12.5)
  - OneSignalXCFramework/OneSignalExtension (3.12.5):
    - OneSignalXCFramework/OneSignalCore
    - OneSignalXCFramework/OneSignalOutcomes
  - OneSignalXCFramework/OneSignalOutcomes (3.12.5):
    - OneSignalXCFramework/OneSignalCore
  - PINCache (3.0.3):
    - PINCache/Arc-exception-safe (= 3.0.3)
    - PINCache/Core (= 3.0.3)
  - PINCache/Arc-exception-safe (3.0.3):
    - PINCache/Core
  - PINCache/Core (3.0.3):
    - PINOperation (~> 1.2.1)
  - PINOperation (1.2.2)
  - PINRemoteImage/Core (3.0.3):
    - PINOperation
  - PINRemoteImage/iOS (3.0.3):
    - PINRemoteImage/Core
  - PINRemoteImage/PINCache (3.0.3):
    - PINCache (~> 3.0.3)
    - PINRemoteImage/Core
  - PixelSDK (11.3.2):
    - PixelSDK-GPUImage3 (~> 3.0)
  - PixelSDK-GPUImage3 (3.1.3)
  - PromisesObjC (2.2.0)
  - QuickLayout (3.0.0)
  - RSKImageCropper (3.0.2)
  - RxCocoa (6.5.0):
    - RxRelay (= 6.5.0)
    - RxSwift (= 6.5.0)
  - RxRelay (6.5.0):
    - RxSwift (= 6.5.0)
  - RxSwift (6.5.0)
  - SendBirdCalls (1.9.7):
    - SendBirdWebRTC (~> 1.6.0)
  - SendBirdSDK (3.1.47)
  - SendBirdUIKit (2.2.13):
    - SendBirdSDK (>= 3.1.39)
  - SendBirdWebRTC (1.6.1)
  - swift-vibrant (1.0.0)
  - SwiftEntryKit (1.2.6):
    - QuickLayout (= 3.0.0)
  - Swifter (2.5.0)
  - SwiftLint (0.50.3)
  - Texture (3.1.0):
    - Texture/AssetsLibrary (= 3.1.0)
    - Texture/Core (= 3.1.0)
    - Texture/MapKit (= 3.1.0)
    - Texture/Photos (= 3.1.0)
    - Texture/PINRemoteImage (= 3.1.0)
    - Texture/Video (= 3.1.0)
  - Texture/AssetsLibrary (3.1.0):
    - Texture/Core
  - Texture/Core (3.1.0)
  - Texture/MapKit (3.1.0):
    - Texture/Core
  - Texture/Photos (3.1.0):
    - Texture/Core
  - Texture/PINRemoteImage (3.1.0):
    - PINRemoteImage/iOS (~> 3.0.0)
    - PINRemoteImage/PINCache
    - Texture/Core
  - Texture/Video (3.1.0):
    - Texture/Core
  - TikTokOpenSDK (5.0.15)
  - ZSWTaggedString/Core (4.2)
  - ZSWTaggedString/Swift (4.2):
    - ZSWTaggedString/Core
  - ZSWTappableLabel (2.0)

DEPENDENCIES:
  - ActiveLabel
  - Alamofire (~> 5.6.4)
  - AlamofireImage
  - Cache (~> 5.3.0)
  - EzPopup
  - FBSDKLoginKit (~> 14.1.0)
  - FirebaseAnalytics (~> 10.3.0)
  - FirebaseAuth (~> 10.3.0)
  - FLAnimatedImage (~> 1.0)
  - GoogleMaps
  - GooglePlaces
  - GoogleSignIn (~> 7.0.0)
  - lottie-ios (~> 4.0.1)
  - NYTPhotoViewer (~> 1.1.0)
  - ObjectMapper (~> 3.5)
  - OneSignalXCFramework (< 4.0, >= 3.0.0)
  - PixelSDK
  - RSKImageCropper
  - RxCocoa (~> 6.5.0)
  - RxSwift (~> 6.5.0)
  - SendBirdCalls (~> 1.9.7)
  - SendBirdSDK (~> 3.1.37)
  - SendBirdUIKit (~> 2.2.11)
  - swift-vibrant
  - SwiftEntryKit (= 1.2.6)
  - Swifter (from `https://github.com/mattdonnelly/Swifter.git`)
  - SwiftLint (~> 0.50.3)
  - Texture (~> 3.1.0)
  - TikTokOpenSDK (~> 5.0.14)
  - ZSWTaggedString/Swift (~> 4.0)
  - ZSWTappableLabel (~> 2.0)

SPEC REPOS:
  trunk:
    - ActiveLabel
    - Alamofire
    - AlamofireImage
    - AppAuth
    - Cache
    - EzPopup
    - FBAEMKit
    - FBSDKCoreKit
    - FBSDKCoreKit_Basics
    - FBSDKLoginKit
    - FirebaseAnalytics
    - FirebaseAuth
    - FirebaseCore
    - FirebaseCoreInternal
    - FirebaseInstallations
    - FLAnimatedImage
    - GoogleAppMeasurement
    - GoogleMaps
    - GooglePlaces
    - GoogleSignIn
    - GoogleUtilities
    - GTMAppAuth
    - GTMSessionFetcher
    - lottie-ios
    - nanopb
    - NYTPhotoViewer
    - ObjectMapper
    - OneSignalXCFramework
    - PINCache
    - PINOperation
    - PINRemoteImage
    - PixelSDK
    - PixelSDK-GPUImage3
    - PromisesObjC
    - QuickLayout
    - RSKImageCropper
    - RxCocoa
    - RxRelay
    - RxSwift
    - SendBirdCalls
    - SendBirdSDK
    - SendBirdUIKit
    - SendBirdWebRTC
    - swift-vibrant
    - SwiftEntryKit
    - SwiftLint
    - Texture
    - TikTokOpenSDK
    - ZSWTaggedString
    - ZSWTappableLabel

EXTERNAL SOURCES:
  Swifter:
    :git: https://github.com/mattdonnelly/Swifter.git

CHECKOUT OPTIONS:
  Swifter:
    :commit: f6888d61500f46ca6d1814fe2624056339eda986
    :git: https://github.com/mattdonnelly/Swifter.git

SPEC CHECKSUMS:
  ActiveLabel: 5e3f4de79a1952d4604b845a0610d4776e4b82b3
  Alamofire: 4e95d97098eacb88856099c4fc79b526a299e48c
  AlamofireImage: 34a2d90b0e5fe6a5605f85ae4b7b01e784c60192
  AppAuth: e48b432bb4ba88b10cb2bcc50d7f3af21e78b9c2
  Cache: 48762993ec44e1d93483c4d4a13edd18452326f4
  EzPopup: 989ac21992a82ad6d1245c747a78bf3833279ef0
  FBAEMKit: a899515e45476027f73aef377b5cffadcd56ca3a
  FBSDKCoreKit: 24f8bc8d3b5b2a8c5c656a1329492a12e8efa792
  FBSDKCoreKit_Basics: 6e578c9bdc7aa1365dbbbde633c9ebb536bcaa98
  FBSDKLoginKit: 787de205d524c3a4b17d527916f1d066e4361660
  FirebaseAnalytics: 036232b6a1e2918e5f67572417be1173576245f3
  FirebaseAuth: 0e415d29d846c1dce2fb641e46f35e9888d9bec6
  FirebaseCore: e78636a990b54be427ce300aa09a0e359f4e0e87
  FirebaseCoreInternal: fa2899eb1f340054858d289e5a0fb935a0a74e52
  FirebaseInstallations: b2a05a3fe707df764345d68685534d07d0664af3
  FLAnimatedImage: bbf914596368867157cc71b38a8ec834b3eeb32b
  GoogleAppMeasurement: c7d6fff39bf2d829587d74088d582e32d75133c3
  GoogleMaps: 025272d5876d3b32604e5c080dc25eaf68764693
  GooglePlaces: c57cd5aa7e91d10fa5106c792de74f3bd6436260
  GoogleSignIn: b232380cf495a429b8095d3178a8d5855b42e842
  GoogleUtilities: 9aa0ad5a7bc171f8bae016300bfcfa3fb8425749
  GTMAppAuth: 99fb010047ba3973b7026e45393f51f27ab965ae
  GTMSessionFetcher: c9e714f7eec91a55641e2bab9f45fd83a219b882
  lottie-ios: 54d22edf55b839f0929cabbfe609c9aa548b1145
  nanopb: b552cce312b6c8484180ef47159bc0f65a1f0431
  NYTPhotoViewer: e80e8767f3780d2df37c6f72cbab15d6c7232911
  ObjectMapper: 97111c97e054a6ee25917662106689f0b4127b37
  OneSignalXCFramework: 4afdd14f6fa769eadf141209037e3eac5890beb9
  PINCache: 7a8fc1a691173d21dbddbf86cd515de6efa55086
  PINOperation: daa34d4aa1d8449089be7d405b9d974abc4724c6
  PINRemoteImage: f1295b29f8c5e640e25335a1b2bd9d805171bd01
  PixelSDK: 420b25af577c378acf2d96fb139cf5e7d409d576
  PixelSDK-GPUImage3: 56b8688866b9d866e995c889e1072357b1610de0
  PromisesObjC: 09985d6d70fbe7878040aa746d78236e6946d2ef
  QuickLayout: 07b45a72b10083fee3f095990cfed1c1e7b27f0a
  RSKImageCropper: 1ac71e9a82e3f41eea3eedfff8eacb0d3821c9ec
  RxCocoa: 94f817b71c07517321eb4f9ad299112ca8af743b
  RxRelay: 1de1523e604c72b6c68feadedd1af3b1b4d0ecbd
  RxSwift: 5710a9e6b17f3c3d6e40d6e559b9fa1e813b2ef8
  SendBirdCalls: 738efdd2a21e3ff0cf058477f1c612d59cd73510
  SendBirdSDK: 9f90bf0652b2b3ada11cda2e160c6eb511aea7f7
  SendBirdUIKit: 1a6968ec30652a37f343fa883fbe768f276d9021
  SendBirdWebRTC: d848df17569ecb607d0c5503b726bae3ce3dcf68
  swift-vibrant: 3def73c5c281db74f420ec386590d9c1c5b0995c
  SwiftEntryKit: 96a2fa90b2631bbbfac50d18449e9ca3d0635f13
  Swifter: 4c2f8cf320c2f751c10128f841d8e9bd8609d988
  SwiftLint: 77f7cb2b9bb81ab4a12fcc86448ba3f11afa50c6
  Texture: 2e8ab2519452515f7f5a520f5a8f7e0a413abfa3
  TikTokOpenSDK: dc1199ba9c6d7815aee0eaca6ec80ad13f7d9c1f
  ZSWTaggedString: 1a6aab3143188634c1e5dfe9383ce754c1fb5fe2
  ZSWTappableLabel: cff84c0a55e30f2141f7dac24e5903302a7e35ec

PODFILE CHECKSUM: 7fae07b70eda453e7bb1d25de36dd0a7363b202e

COCOAPODS: 1.11.3
