{
  "object": {
    "pins": [
      {
        "package": "GPTEncoder",
        "repositoryURL": "https://github.com/alfianlosari/GPTEncoder",
        "state": {
          "branch": "main",
          "revision": "a86968867ab4380e36b904a14c42215f71efe8b4",
          "version": null
        }
      },
      {
        "package": "Highlighter",
        "repositoryURL": "https://github.com/alfianlosari/HighlighterSwift",
        "state": {
          "branch": "main",
          "revision": "c15eea4e5e8f18b0a2d2173830fcaa250f742bc0",
          "version": null
        }
      },
      {
        "package": "Qonversion",
        "repositoryURL": "https://github.com/qonversion/qonversion-ios-sdk",
        "state": {
          "branch": null,
          "revision": "e81e5994aaf9121435f47ab20db115f071d8fa43",
          "version": "3.4.0"
        }
      },
      {
        "package": "cmark-gfm",
        "repositoryURL": "https://github.com/apple/swift-cmark.git",
        "state": {
          "branch": "gfm",
          "revision": "6c7037758492a28593264aaa22ef659afa94e5bf",
          "version": null
        }
      },
      {
        "package": "swift-markdown",
        "repositoryURL": "https://github.com/apple/swift-markdown",
        "state": {
          "branch": "main",
          "revision": "40f7f858e01a6ca512d96088087ffa861861eee5",
          "version": null
        }
      }
    ]
  },
  "version": 1
}
